
Microsoft Visual Studio Solution File, Format Version 12.00
# Visual Studio 2013
VisualStudioVersion = 12.0.21005.1
MinimumVisualStudioVersion = 10.0.40219.1
Project("{FAE04EC0-301F-11D3-BF4B-00C04F79EFBC}") = "Domain", "Domain\Domain.csproj", "{705ABC37-3787-449F-AD39-AA00B54362E5}"
EndProject
Project("{FAE04EC0-301F-11D3-BF4B-00C04F79EFBC}") = "Services", "Services\Services.csproj", "{701330A7-01BE-4B35-9743-EF5EE8368D17}"
EndProject
Project("{FAE04EC0-301F-11D3-BF4B-00C04F79EFBC}") = "Application", "Application\Application.csproj", "{94F7410B-34DF-429D-AC49-3E8E67EEE928}"
EndProject
Project("{2150E333-8FDC-42A3-9474-1A3956D46DE8}") = "Tests", "Tests", "{806363F2-051B-486A-ADCC-72349425A7C1}"
EndProject
Project("{2150E333-8FDC-42A3-9474-1A3956D46DE8}") = "App", "App", "{B02B0B33-72B6-4B3C-AA71-1C9F93E8A1B0}"
EndProject
Project("{FAE04EC0-301F-11D3-BF4B-00C04F79EFBC}") = "Data", "Data\Data.csproj", "{DBEAE119-92D7-4754-8420-B1FB383D02D3}"
EndProject
Project("{FAE04EC0-301F-11D3-BF4B-00C04F79EFBC}") = "Services.Tests", "Services.Test\Services.Tests.csproj", "{8E53B4FD-9054-414B-9B58-88DCE094F5A5}"
EndProject
Project("{FAE04EC0-301F-11D3-BF4B-00C04F79EFBC}") = "Presenters", "Presenters\Presenters.csproj", "{65366ED4-3CAF-4513-9A4B-A9C75F25784C}"
EndProject
Project("{2150E333-8FDC-42A3-9474-1A3956D46DE8}") = "Mocks", "Mocks", "{21A76E28-6264-4697-BA47-2679E4BDB0AA}"
EndProject
Project("{FAE04EC0-301F-11D3-BF4B-00C04F79EFBC}") = "Data.Mocks", "Data.Mocks\Data.Mocks.csproj", "{94B7F43F-D5C3-4C93-9067-D68C6101A27F}"
EndProject
Project("{FAE04EC0-301F-11D3-BF4B-00C04F79EFBC}") = "DeathStarRESTService", "DeathStarRESTService\DeathStarRESTService.csproj", "{E45ACF02-3558-4C45-8843-A0F92D05A537}"
EndProject
Project("{2150E333-8FDC-42A3-9474-1A3956D46DE8}") = "Solution Items", "Solution Items", "{BEA481DF-B9C9-47FB-8782-845BDEC4E6DF}"
	ProjectSection(SolutionItems) = preProject
		Readme - Documentation.docx = Readme - Documentation.docx
	EndProjectSection
EndProject
Global
	GlobalSection(SolutionConfigurationPlatforms) = preSolution
		Debug|Any CPU = Debug|Any CPU
		Release|Any CPU = Release|Any CPU
	EndGlobalSection
	GlobalSection(ProjectConfigurationPlatforms) = postSolution
		{705ABC37-3787-449F-AD39-AA00B54362E5}.Debug|Any CPU.ActiveCfg = Debug|Any CPU
		{705ABC37-3787-449F-AD39-AA00B54362E5}.Debug|Any CPU.Build.0 = Debug|Any CPU
		{705ABC37-3787-449F-AD39-AA00B54362E5}.Release|Any CPU.ActiveCfg = Release|Any CPU
		{705ABC37-3787-449F-AD39-AA00B54362E5}.Release|Any CPU.Build.0 = Release|Any CPU
		{701330A7-01BE-4B35-9743-EF5EE8368D17}.Debug|Any CPU.ActiveCfg = Debug|Any CPU
		{701330A7-01BE-4B35-9743-EF5EE8368D17}.Debug|Any CPU.Build.0 = Debug|Any CPU
		{701330A7-01BE-4B35-9743-EF5EE8368D17}.Release|Any CPU.ActiveCfg = Release|Any CPU
		{701330A7-01BE-4B35-9743-EF5EE8368D17}.Release|Any CPU.Build.0 = Release|Any CPU
		{94F7410B-34DF-429D-AC49-3E8E67EEE928}.Debug|Any CPU.ActiveCfg = Debug|Any CPU
		{94F7410B-34DF-429D-AC49-3E8E67EEE928}.Debug|Any CPU.Build.0 = Debug|Any CPU
		{94F7410B-34DF-429D-AC49-3E8E67EEE928}.Release|Any CPU.ActiveCfg = Release|Any CPU
		{94F7410B-34DF-429D-AC49-3E8E67EEE928}.Release|Any CPU.Build.0 = Release|Any CPU
		{DBEAE119-92D7-4754-8420-B1FB383D02D3}.Debug|Any CPU.ActiveCfg = Debug|Any CPU
		{DBEAE119-92D7-4754-8420-B1FB383D02D3}.Debug|Any CPU.Build.0 = Debug|Any CPU
		{DBEAE119-92D7-4754-8420-B1FB383D02D3}.Release|Any CPU.ActiveCfg = Release|Any CPU
		{DBEAE119-92D7-4754-8420-B1FB383D02D3}.Release|Any CPU.Build.0 = Release|Any CPU
		{8E53B4FD-9054-414B-9B58-88DCE094F5A5}.Debug|Any CPU.ActiveCfg = Debug|Any CPU
		{8E53B4FD-9054-414B-9B58-88DCE094F5A5}.Debug|Any CPU.Build.0 = Debug|Any CPU
		{8E53B4FD-9054-414B-9B58-88DCE094F5A5}.Release|Any CPU.ActiveCfg = Release|Any CPU
		{8E53B4FD-9054-414B-9B58-88DCE094F5A5}.Release|Any CPU.Build.0 = Release|Any CPU
		{65366ED4-3CAF-4513-9A4B-A9C75F25784C}.Debug|Any CPU.ActiveCfg = Debug|Any CPU
		{65366ED4-3CAF-4513-9A4B-A9C75F25784C}.Debug|Any CPU.Build.0 = Debug|Any CPU
		{65366ED4-3CAF-4513-9A4B-A9C75F25784C}.Release|Any CPU.ActiveCfg = Release|Any CPU
		{65366ED4-3CAF-4513-9A4B-A9C75F25784C}.Release|Any CPU.Build.0 = Release|Any CPU
		{94B7F43F-D5C3-4C93-9067-D68C6101A27F}.Debug|Any CPU.ActiveCfg = Debug|Any CPU
		{94B7F43F-D5C3-4C93-9067-D68C6101A27F}.Debug|Any CPU.Build.0 = Debug|Any CPU
		{94B7F43F-D5C3-4C93-9067-D68C6101A27F}.Release|Any CPU.ActiveCfg = Release|Any CPU
		{94B7F43F-D5C3-4C93-9067-D68C6101A27F}.Release|Any CPU.Build.0 = Release|Any CPU
		{E45ACF02-3558-4C45-8843-A0F92D05A537}.Debug|Any CPU.ActiveCfg = Debug|Any CPU
		{E45ACF02-3558-4C45-8843-A0F92D05A537}.Debug|Any CPU.Build.0 = Debug|Any CPU
		{E45ACF02-3558-4C45-8843-A0F92D05A537}.Release|Any CPU.ActiveCfg = Release|Any CPU
		{E45ACF02-3558-4C45-8843-A0F92D05A537}.Release|Any CPU.Build.0 = Release|Any CPU
	EndGlobalSection
	GlobalSection(SolutionProperties) = preSolution
		HideSolutionNode = FALSE
	EndGlobalSection
	GlobalSection(NestedProjects) = preSolution
		{701330A7-01BE-4B35-9743-EF5EE8368D17} = {B02B0B33-72B6-4B3C-AA71-1C9F93E8A1B0}
		{94F7410B-34DF-429D-AC49-3E8E67EEE928} = {B02B0B33-72B6-4B3C-AA71-1C9F93E8A1B0}
		{705ABC37-3787-449F-AD39-AA00B54362E5} = {B02B0B33-72B6-4B3C-AA71-1C9F93E8A1B0}
		{DBEAE119-92D7-4754-8420-B1FB383D02D3} = {B02B0B33-72B6-4B3C-AA71-1C9F93E8A1B0}
		{65366ED4-3CAF-4513-9A4B-A9C75F25784C} = {B02B0B33-72B6-4B3C-AA71-1C9F93E8A1B0}
		{E45ACF02-3558-4C45-8843-A0F92D05A537} = {B02B0B33-72B6-4B3C-AA71-1C9F93E8A1B0}
		{8E53B4FD-9054-414B-9B58-88DCE094F5A5} = {806363F2-051B-486A-ADCC-72349425A7C1}
		{94B7F43F-D5C3-4C93-9067-D68C6101A27F} = {21A76E28-6264-4697-BA47-2679E4BDB0AA}
	EndGlobalSection
EndGlobal
